// !$*UTF8*$!
{
	archiveVersion = 1;
	classes = {
	};
	objectVersion = 50;
	objects = {

/* Begin PBXBuildFile section */
		4B19C9AD253D79A100772A7A /* Meal.swift in Sources */ = {isa = PBXBuildFile; fileRef = 4B19C9AC253D79A100772A7A /* Meal.swift */; };
		4B19C9B4253FC89B00772A7A /* MealTableViewCell.swift in Sources */ = {isa = PBXBuildFile; fileRef = 4B19C9B3253FC89B00772A7A /* MealTableViewCell.swift */; };
		4B19C9B9254023F200772A7A /* MealTableViewController.swift in Sources */ = {isa = PBXBuildFile; fileRef = 4B19C9B8254023F200772A7A /* MealTableViewController.swift */; };
		4BD951132537D07B00CFEE76 /* AppDelegate.swift in Sources */ = {isa = PBXBuildFile; fileRef = 4BD951122537D07B00CFEE76 /* AppDelegate.swift */; };
		4BD951152537D07B00CFEE76 /* SceneDelegate.swift in Sources */ = {isa = PBXBuildFile; fileRef = 4BD951142537D07B00CFEE76 /* SceneDelegate.swift */; };
		4BD951172537D07B00CFEE76 /* MealDetailViewController.swift in Sources */ = {isa = PBXBuildFile; fileRef = 4BD951162537D07B00CFEE76 /* MealDetailViewController.swift */; };
		4BD9511A2537D07B00CFEE76 /* Main.storyboard in Resources */ = {isa = PBXBuildFile; fileRef = 4BD951182537D07B00CFEE76 /* Main.storyboard */; };
		4BD9511C2537D07D00CFEE76 /* Assets.xcassets in Resources */ = {isa = PBXBuildFile; fileRef = 4BD9511B2537D07D00CFEE76 /* Assets.xcassets */; };
		4BD9511F2537D07D00CFEE76 /* LaunchScreen.storyboard in Resources */ = {isa = PBXBuildFile; fileRef = 4BD9511D2537D07D00CFEE76 /* LaunchScreen.storyboard */; };
		4BD9512A2537D07D00CFEE76 /* FoodTrackerTests.swift in Sources */ = {isa = PBXBuildFile; fileRef = 4BD951292537D07D00CFEE76 /* FoodTrackerTests.swift */; };
		4BD951352537D07D00CFEE76 /* FoodTrackerUITests.swift in Sources */ = {isa = PBXBuildFile; fileRef = 4BD951342537D07D00CFEE76 /* FoodTrackerUITests.swift */; };
		4BE150D8253996DD00FCA630 /* RatingControl.swift in Sources */ = {isa = PBXBuildFile; fileRef = 4BE150D7253996DD00FCA630 /* RatingControl.swift */; };
/* End PBXBuildFile section */

/* Begin PBXContainerItemProxy section */
		4BD951262537D07D00CFEE76 /* PBXContainerItemProxy */ = {
			isa = PBXContainerItemProxy;
			containerPortal = 4BD951072537D07B00CFEE76 /* Project object */;
			proxyType = 1;
			remoteGlobalIDString = 4BD9510E2537D07B00CFEE76;
			remoteInfo = FoodTracker;
		};
		4BD951312537D07D00CFEE76 /* PBXContainerItemProxy */ = {
			isa = PBXContainerItemProxy;
			containerPortal = 4BD951072537D07B00CFEE76 /* Project object */;
			proxyType = 1;
			remoteGlobalIDString = 4BD9510E2537D07B00CFEE76;
			remoteInfo = FoodTracker;
		};
/* End PBXContainerItemProxy section */

/* Begin PBXFileReference section */
		4B19C9AC253D79A100772A7A /* Meal.swift */ = {isa = PBXFileReference; lastKnownFileType = sourcecode.swift; path = Meal.swift; sourceTree = "<group>"; };
		4B19C9B3253FC89B00772A7A /* MealTableViewCell.swift */ = {isa = PBXFileReference; lastKnownFileType = sourcecode.swift; path = MealTableViewCell.swift; sourceTree = "<group>"; };
		4B19C9B8254023F200772A7A /* MealTableViewController.swift */ = {isa = PBXFileReference; lastKnownFileType = sourcecode.swift; path = MealTableViewController.swift; sourceTree = "<group>"; };
		4BD9510F2537D07B00CFEE76 /* FoodTracker.app */ = {isa = PBXFileReference; explicitFileType = wrapper.application; includeInIndex = 0; path = FoodTracker.app; sourceTree = BUILT_PRODUCTS_DIR; };
		4BD951122537D07B00CFEE76 /* AppDelegate.swift */ = {isa = PBXFileReference; lastKnownFileType = sourcecode.swift; path = AppDelegate.swift; sourceTree = "<group>"; };
		4BD951142537D07B00CFEE76 /* SceneDelegate.swift */ = {isa = PBXFileReference; lastKnownFileType = sourcecode.swift; path = SceneDelegate.swift; sourceTree = "<group>"; };
		4BD951162537D07B00CFEE76 /* MealDetailViewController.swift */ = {isa = PBXFileReference; lastKnownFileType = sourcecode.swift; path = MealDetailViewController.swift; sourceTree = "<group>"; };
		4BD951192537D07B00CFEE76 /* Base */ = {isa = PBXFileReference; lastKnownFileType = file.storyboard; name = Base; path = Base.lproj/Main.storyboard; sourceTree = "<group>"; };
		4BD9511B2537D07D00CFEE76 /* Assets.xcassets */ = {isa = PBXFileReference; lastKnownFileType = folder.assetcatalog; path = Assets.xcassets; sourceTree = "<group>"; };
		4BD9511E2537D07D00CFEE76 /* Base */ = {isa = PBXFileReference; lastKnownFileType = file.storyboard; name = Base; path = Base.lproj/LaunchScreen.storyboard; sourceTree = "<group>"; };
		4BD951202537D07D00CFEE76 /* Info.plist */ = {isa = PBXFileReference; lastKnownFileType = text.plist.xml; path = Info.plist; sourceTree = "<group>"; };
		4BD951252537D07D00CFEE76 /* FoodTrackerTests.xctest */ = {isa = PBXFileReference; explicitFileType = wrapper.cfbundle; includeInIndex = 0; path = FoodTrackerTests.xctest; sourceTree = BUILT_PRODUCTS_DIR; };
		4BD951292537D07D00CFEE76 /* FoodTrackerTests.swift */ = {isa = PBXFileReference; lastKnownFileType = sourcecode.swift; path = FoodTrackerTests.swift; sourceTree = "<group>"; };
		4BD9512B2537D07D00CFEE76 /* Info.plist */ = {isa = PBXFileReference; lastKnownFileType = text.plist.xml; path = Info.plist; sourceTree = "<group>"; };
		4BD951302537D07D00CFEE76 /* FoodTrackerUITests.xctest */ = {isa = PBXFileReference; explicitFileType = wrapper.cfbundle; includeInIndex = 0; path = FoodTrackerUITests.xctest; sourceTree = BUILT_PRODUCTS_DIR; };
		4BD951342537D07D00CFEE76 /* FoodTrackerUITests.swift */ = {isa = PBXFileReference; lastKnownFileType = sourcecode.swift; path = FoodTrackerUITests.swift; sourceTree = "<group>"; };
		4BD951362537D07D00CFEE76 /* Info.plist */ = {isa = PBXFileReference; lastKnownFileType = text.plist.xml; path = Info.plist; sourceTree = "<group>"; };
		4BE150D7253996DD00FCA630 /* RatingControl.swift */ = {isa = PBXFileReference; lastKnownFileType = sourcecode.swift; path = RatingControl.swift; sourceTree = "<group>"; };
/* End PBXFileReference section */

/* Begin PBXFrameworksBuildPhase section */
		4BD9510C2537D07B00CFEE76 /* Frameworks */ = {
			isa = PBXFrameworksBuildPhase;
			buildActionMask = 2147483647;
			files = (
			);
			runOnlyForDeploymentPostprocessing = 0;
		};
		4BD951222537D07D00CFEE76 /* Frameworks */ = {
			isa = PBXFrameworksBuildPhase;
			buildActionMask = 2147483647;
			files = (
			);
			runOnlyForDeploymentPostprocessing = 0;
		};
		4BD9512D2537D07D00CFEE76 /* Frameworks */ = {
			isa = PBXFrameworksBuildPhase;
			buildActionMask = 2147483647;
			files = (
			);
			runOnlyForDeploymentPostprocessing = 0;
		};
/* End PBXFrameworksBuildPhase section */

/* Begin PBXGroup section */
		4BD951062537D07B00CFEE76 = {
			isa = PBXGroup;
			children = (
				4BD951112537D07B00CFEE76 /* FoodTracker */,
				4BD951282537D07D00CFEE76 /* FoodTrackerTests */,
				4BD951332537D07D00CFEE76 /* FoodTrackerUITests */,
				4BD951102537D07B00CFEE76 /* Products */,
			);
			sourceTree = "<group>";
		};
		4BD951102537D07B00CFEE76 /* Products */ = {
			isa = PBXGroup;
			children = (
				4BD9510F2537D07B00CFEE76 /* FoodTracker.app */,
				4BD951252537D07D00CFEE76 /* FoodTrackerTests.xctest */,
				4BD951302537D07D00CFEE76 /* FoodTrackerUITests.xctest */,
			);
			name = Products;
			sourceTree = "<group>";
		};
		4BD951112537D07B00CFEE76 /* FoodTracker */ = {
			isa = PBXGroup;
			children = (
				4BD951122537D07B00CFEE76 /* AppDelegate.swift */,
				4BD951142537D07B00CFEE76 /* SceneDelegate.swift */,
				4BD951162537D07B00CFEE76 /* MealDetailViewController.swift */,
				4B19C9AC253D79A100772A7A /* Meal.swift */,
				4BD951182537D07B00CFEE76 /* Main.storyboard */,
				4B19C9B8254023F200772A7A /* MealTableViewController.swift */,
				4B19C9B3253FC89B00772A7A /* MealTableViewCell.swift */,
				4BE150D7253996DD00FCA630 /* RatingControl.swift */,
				4BD9511B2537D07D00CFEE76 /* Assets.xcassets */,
				4BD9511D2537D07D00CFEE76 /* LaunchScreen.storyboard */,
				4BD951202537D07D00CFEE76 /* Info.plist */,
			);
			path = FoodTracker;
			sourceTree = "<group>";
		};
		4BD951282537D07D00CFEE76 /* FoodTrackerTests */ = {
			isa = PBXGroup;
			children = (
				4BD951292537D07D00CFEE76 /* FoodTrackerTests.swift */,
				4BD9512B2537D07D00CFEE76 /* Info.plist */,
			);
			path = FoodTrackerTests;
			sourceTree = "<group>";
		};
		4BD951332537D07D00CFEE76 /* FoodTrackerUITests */ = {
			isa = PBXGroup;
			children = (
				4BD951342537D07D00CFEE76 /* FoodTrackerUITests.swift */,
				4BD951362537D07D00CFEE76 /* Info.plist */,
			);
			path = FoodTrackerUITests;
			sourceTree = "<group>";
		};
/* End PBXGroup section */

/* Begin PBXNativeTarget section */
		4BD9510E2537D07B00CFEE76 /* FoodTracker */ = {
			isa = PBXNativeTarget;
			buildConfigurationList = 4BD951392537D07D00CFEE76 /* Build configuration list for PBXNativeTarget "FoodTracker" */;
			buildPhases = (
				4BD9510B2537D07B00CFEE76 /* Sources */,
				4BD9510C2537D07B00CFEE76 /* Frameworks */,
				4BD9510D2537D07B00CFEE76 /* Resources */,
			);
			buildRules = (
			);
			dependencies = (
			);
			name = FoodTracker;
			productName = FoodTracker;
			productReference = 4BD9510F2537D07B00CFEE76 /* FoodTracker.app */;
			productType = "com.apple.product-type.application";
		};
		4BD951242537D07D00CFEE76 /* FoodTrackerTests */ = {
			isa = PBXNativeTarget;
			buildConfigurationList = 4BD9513C2537D07D00CFEE76 /* Build configuration list for PBXNativeTarget "FoodTrackerTests" */;
			buildPhases = (
				4BD951212537D07D00CFEE76 /* Sources */,
				4BD951222537D07D00CFEE76 /* Frameworks */,
				4BD951232537D07D00CFEE76 /* Resources */,
			);
			buildRules = (
			);
			dependencies = (
				4BD951272537D07D00CFEE76 /* PBXTargetDependency */,
			);
			name = FoodTrackerTests;
			productName = FoodTrackerTests;
			productReference = 4BD951252537D07D00CFEE76 /* FoodTrackerTests.xctest */;
			productType = "com.apple.product-type.bundle.unit-test";
		};
		4BD9512F2537D07D00CFEE76 /* FoodTrackerUITests */ = {
			isa = PBXNativeTarget;
			buildConfigurationList = 4BD9513F2537D07D00CFEE76 /* Build configuration list for PBXNativeTarget "FoodTrackerUITests" */;
			buildPhases = (
				4BD9512C2537D07D00CFEE76 /* Sources */,
				4BD9512D2537D07D00CFEE76 /* Frameworks */,
				4BD9512E2537D07D00CFEE76 /* Resources */,
			);
			buildRules = (
			);
			dependencies = (
				4BD951322537D07D00CFEE76 /* PBXTargetDependency */,
			);
			name = FoodTrackerUITests;
			productName = FoodTrackerUITests;
			productReference = 4BD951302537D07D00CFEE76 /* FoodTrackerUITests.xctest */;
			productType = "com.apple.product-type.bundle.ui-testing";
		};
/* End PBXNativeTarget section */

/* Begin PBXProject section */
		4BD951072537D07B00CFEE76 /* Project object */ = {
			isa = PBXProject;
			attributes = {
				LastSwiftUpdateCheck = 1200;
				LastUpgradeCheck = 1200;
				TargetAttributes = {
					4BD9510E2537D07B00CFEE76 = {
						CreatedOnToolsVersion = 12.0.1;
					};
					4BD951242537D07D00CFEE76 = {
						CreatedOnToolsVersion = 12.0.1;
						TestTargetID = 4BD9510E2537D07B00CFEE76;
					};
					4BD9512F2537D07D00CFEE76 = {
						CreatedOnToolsVersion = 12.0.1;
						TestTargetID = 4BD9510E2537D07B00CFEE76;
					};
				};
			};
			buildConfigurationList = 4BD9510A2537D07B00CFEE76 /* Build configuration list for PBXProject "FoodTracker" */;
			compatibilityVersion = "Xcode 9.3";
			developmentRegion = en;
			hasScannedForEncodings = 0;
			knownRegions = (
				en,
				Base,
			);
			mainGroup = 4BD951062537D07B00CFEE76;
			productRefGroup = 4BD951102537D07B00CFEE76 /* Products */;
			projectDirPath = "";
			projectRoot = "";
			targets = (
				4BD9510E2537D07B00CFEE76 /* FoodTracker */,
				4BD951242537D07D00CFEE76 /* FoodTrackerTests */,
				4BD9512F2537D07D00CFEE76 /* FoodTrackerUITests */,
			);
		};
/* End PBXProject section */

/* Begin PBXResourcesBuildPhase section */
		4BD9510D2537D07B00CFEE76 /* Resources */ = {
			isa = PBXResourcesBuildPhase;
			buildActionMask = 2147483647;
			files = (
				4BD9511F2537D07D00CFEE76 /* LaunchScreen.storyboard in Resources */,
				4BD9511C2537D07D00CFEE76 /* Assets.xcassets in Resources */,
				4BD9511A2537D07B00CFEE76 /* Main.storyboard in Resources */,
			);
			runOnlyForDeploymentPostprocessing = 0;
		};
		4BD951232537D07D00CFEE76 /* Resources */ = {
			isa = PBXResourcesBuildPhase;
			buildActionMask = 2147483647;
			files = (
			);
			runOnlyForDeploymentPostprocessing = 0;
		};
		4BD9512E2537D07D00CFEE76 /* Resources */ = {
			isa = PBXResourcesBuildPhase;
			buildActionMask = 2147483647;
			files = (
			);
			runOnlyForDeploymentPostprocessing = 0;
		};
/* End PBXResourcesBuildPhase section */

/* Begin PBXSourcesBuildPhase section */
		4BD9510B2537D07B00CFEE76 /* Sources */ = {
			isa = PBXSourcesBuildPhase;
			buildActionMask = 2147483647;
			files = (
				4B19C9AD253D79A100772A7A /* Meal.swift in Sources */,
				4BE150D8253996DD00FCA630 /* RatingControl.swift in Sources */,
				4B19C9B9254023F200772A7A /* MealTableViewController.swift in Sources */,
				4B19C9B4253FC89B00772A7A /* MealTableViewCell.swift in Sources */,
				4BD951172537D07B00CFEE76 /* MealDetailViewController.swift in Sources */,
				4BD951132537D07B00CFEE76 /* AppDelegate.swift in Sources */,
				4BD951152537D07B00CFEE76 /* SceneDelegate.swift in Sources */,
			);
			runOnlyForDeploymentPostprocessing = 0;
		};
		4BD951212537D07D00CFEE76 /* Sources */ = {
			isa = PBXSourcesBuildPhase;
			buildActionMask = 2147483647;
			files = (
				4BD9512A2537D07D00CFEE76 /* FoodTrackerTests.swift in Sources */,
			);
			runOnlyForDeploymentPostprocessing = 0;
		};
		4BD9512C2537D07D00CFEE76 /* Sources */ = {
			isa = PBXSourcesBuildPhase;
			buildActionMask = 2147483647;
			files = (
				4BD951352537D07D00CFEE76 /* FoodTrackerUITests.swift in Sources */,
			);
			runOnlyForDeploymentPostprocessing = 0;
		};
/* End PBXSourcesBuildPhase section */

/* Begin PBXTargetDependency section */
		4BD951272537D07D00CFEE76 /* PBXTargetDependency */ = {
			isa = PBXTargetDependency;
			target = 4BD9510E2537D07B00CFEE76 /* FoodTracker */;
			targetProxy = 4BD951262537D07D00CFEE76 /* PBXContainerItemProxy */;
		};
		4BD951322537D07D00CFEE76 /* PBXTargetDependency */ = {
			isa = PBXTargetDependency;
			target = 4BD9510E2537D07B00CFEE76 /* FoodTracker */;
			targetProxy = 4BD951312537D07D00CFEE76 /* PBXContainerItemProxy */;
		};
/* End PBXTargetDependency section */

/* Begin PBXVariantGroup section */
		4BD951182537D07B00CFEE76 /* Main.storyboard */ = {
			isa = PBXVariantGroup;
			children = (
				4BD951192537D07B00CFEE76 /* Base */,
			);
			name = Main.storyboard;
			sourceTree = "<group>";
		};
		4BD9511D2537D07D00CFEE76 /* LaunchScreen.storyboard */ = {
			isa = PBXVariantGroup;
			children = (
				4BD9511E2537D07D00CFEE76 /* Base */,
			);
			name = LaunchScreen.storyboard;
			sourceTree = "<group>";
		};
/* End PBXVariantGroup section */

/* Begin XCBuildConfiguration section */
		4BD951372537D07D00CFEE76 /* Debug */ = {
			isa = XCBuildConfiguration;
			buildSettings = {
				ALWAYS_SEARCH_USER_PATHS = NO;
				CLANG_ANALYZER_NONNULL = YES;
				CLANG_ANALYZER_NUMBER_OBJECT_CONVERSION = YES_AGGRESSIVE;
				CLANG_CXX_LANGUAGE_STANDARD = "gnu++14";
				CLANG_CXX_LIBRARY = "libc++";
				CLANG_ENABLE_MODULES = YES;
				CLANG_ENABLE_OBJC_ARC = YES;
				CLANG_ENABLE_OBJC_WEAK = YES;
				CLANG_WARN_BLOCK_CAPTURE_AUTORELEASING = YES;
				CLANG_WARN_BOOL_CONVERSION = YES;
				CLANG_WARN_COMMA = YES;
				CLANG_WARN_CONSTANT_CONVERSION = YES;
				CLANG_WARN_DEPRECATED_OBJC_IMPLEMENTATIONS = YES;
				CLANG_WARN_DIRECT_OBJC_ISA_USAGE = YES_ERROR;
				CLANG_WARN_DOCUMENTATION_COMMENTS = YES;
				CLANG_WARN_EMPTY_BODY = YES;
				CLANG_WARN_ENUM_CONVERSION = YES;
				CLANG_WARN_INFINITE_RECURSION = YES;
				CLANG_WARN_INT_CONVERSION = YES;
				CLANG_WARN_NON_LITERAL_NULL_CONVERSION = YES;
				CLANG_WARN_OBJC_IMPLICIT_RETAIN_SELF = YES;
				CLANG_WARN_OBJC_LITERAL_CONVERSION = YES;
				CLANG_WARN_OBJC_ROOT_CLASS = YES_ERROR;
				CLANG_WARN_QUOTED_INCLUDE_IN_FRAMEWORK_HEADER = YES;
				CLANG_WARN_RANGE_LOOP_ANALYSIS = YES;
				CLANG_WARN_STRICT_PROTOTYPES = YES;
				CLANG_WARN_SUSPICIOUS_MOVE = YES;
				CLANG_WARN_UNGUARDED_AVAILABILITY = YES_AGGRESSIVE;
				CLANG_WARN_UNREACHABLE_CODE = YES;
				CLANG_WARN__DUPLICATE_METHOD_MATCH = YES;
				COPY_PHASE_STRIP = NO;
				DEBUG_INFORMATION_FORMAT = dwarf;
				ENABLE_STRICT_OBJC_MSGSEND = YES;
				ENABLE_TESTABILITY = YES;
				GCC_C_LANGUAGE_STANDARD = gnu11;
				GCC_DYNAMIC_NO_PIC = NO;
				GCC_NO_COMMON_BLOCKS = YES;
				GCC_OPTIMIZATION_LEVEL = 0;
				GCC_PREPROCESSOR_DEFINITIONS = (
					"DEBUG=1",
					"$(inherited)",
				);
				GCC_WARN_64_TO_32_BIT_CONVERSION = YES;
				GCC_WARN_ABOUT_RETURN_TYPE = YES_ERROR;
				GCC_WARN_UNDECLARED_SELECTOR = YES;
				GCC_WARN_UNINITIALIZED_AUTOS = YES_AGGRESSIVE;
				GCC_WARN_UNUSED_FUNCTION = YES;
				GCC_WARN_UNUSED_VARIABLE = YES;
				IPHONEOS_DEPLOYMENT_TARGET = 14.0;
				MTL_ENABLE_DEBUG_INFO = INCLUDE_SOURCE;
				MTL_FAST_MATH = YES;
				ONLY_ACTIVE_ARCH = YES;
				SDKROOT = iphoneos;
				SWIFT_ACTIVE_COMPILATION_CONDITIONS = DEBUG;
				SWIFT_OPTIMIZATION_LEVEL = "-Onone";
			};
			name = Debug;
		};
		4BD951382537D07D00CFEE76 /* Release */ = {
			isa = XCBuildConfiguration;
			buildSettings = {
				ALWAYS_SEARCH_USER_PATHS = NO;
				CLANG_ANALYZER_NONNULL = YES;
				CLANG_ANALYZER_NUMBER_OBJECT_CONVERSION = YES_AGGRESSIVE;
				CLANG_CXX_LANGUAGE_STANDARD = "gnu++14";
				CLANG_CXX_LIBRARY = "libc++";
				CLANG_ENABLE_MODULES = YES;
				CLANG_ENABLE_OBJC_ARC = YES;
				CLANG_ENABLE_OBJC_WEAK = YES;
				CLANG_WARN_BLOCK_CAPTURE_AUTORELEASING = YES;
				CLANG_WARN_BOOL_CONVERSION = YES;
				CLANG_WARN_COMMA = YES;
				CLANG_WARN_CONSTANT_CONVERSION = YES;
				CLANG_WARN_DEPRECATED_OBJC_IMPLEMENTATIONS = YES;
				CLANG_WARN_DIRECT_OBJC_ISA_USAGE = YES_ERROR;
				CLANG_WARN_DOCUMENTATION_COMMENTS = YES;
				CLANG_WARN_EMPTY_BODY = YES;
				CLANG_WARN_ENUM_CONVERSION = YES;
				CLANG_WARN_INFINITE_RECURSION = YES;
				CLANG_WARN_INT_CONVERSION = YES;
				CLANG_WARN_NON_LITERAL_NULL_CONVERSION = YES;
				CLANG_WARN_OBJC_IMPLICIT_RETAIN_SELF = YES;
				CLANG_WARN_OBJC_LITERAL_CONVERSION = YES;
				CLANG_WARN_OBJC_ROOT_CLASS = YES_ERROR;
				CLANG_WARN_QUOTED_INCLUDE_IN_FRAMEWORK_HEADER = YES;
				CLANG_WARN_RANGE_LOOP_ANALYSIS = YES;
				CLANG_WARN_STRICT_PROTOTYPES = YES;
				CLANG_WARN_SUSPICIOUS_MOVE = YES;
				CLANG_WARN_UNGUARDED_AVAILABILITY = YES_AGGRESSIVE;
				CLANG_WARN_UNREACHABLE_CODE = YES;
				CLANG_WARN__DUPLICATE_METHOD_MATCH = YES;
				COPY_PHASE_STRIP = NO;
				DEBUG_INFORMATION_FORMAT = "dwarf-with-dsym";
				ENABLE_NS_ASSERTIONS = NO;
				ENABLE_STRICT_OBJC_MSGSEND = YES;
				GCC_C_LANGUAGE_STANDARD = gnu11;
				GCC_NO_COMMON_BLOCKS = YES;
				GCC_WARN_64_TO_32_BIT_CONVERSION = YES;
				GCC_WARN_ABOUT_RETURN_TYPE = YES_ERROR;
				GCC_WARN_UNDECLARED_SELECTOR = YES;
				GCC_WARN_UNINITIALIZED_AUTOS = YES_AGGRESSIVE;
				GCC_WARN_UNUSED_FUNCTION = YES;
				GCC_WARN_UNUSED_VARIABLE = YES;
				IPHONEOS_DEPLOYMENT_TARGET = 14.0;
				MTL_ENABLE_DEBUG_INFO = NO;
				MTL_FAST_MATH = YES;
				SDKROOT = iphoneos;
				SWIFT_COMPILATION_MODE = wholemodule;
				SWIFT_OPTIMIZATION_LEVEL = "-O";
				VALIDATE_PRODUCT = YES;
			};
			name = Release;
		};
		4BD9513A2537D07D00CFEE76 /* Debug */ = {
			isa = XCBuildConfiguration;
			buildSettings = {
				ASSETCATALOG_COMPILER_APPICON_NAME = AppIcon;
				ASSETCATALOG_COMPILER_GLOBAL_ACCENT_COLOR_NAME = AccentColor;
				CODE_SIGN_STYLE = Automatic;
				DEVELOPMENT_TEAM = B47X5TXYY6;
				INFOPLIST_FILE = FoodTracker/Info.plist;
				LD_RUNPATH_SEARCH_PATHS = (
					"$(inherited)",
					"@executable_path/Frameworks",
				);
				PRODUCT_BUNDLE_IDENTIFIER = "Swift-Beginers.FoodTracker";
				PRODUCT_NAME = "$(TARGET_NAME)";
				SWIFT_VERSION = 5.0;
				TARGETED_DEVICE_FAMILY = "1,2";
			};
			name = Debug;
		};
		4BD9513B2537D07D00CFEE76 /* Release */ = {
			isa = XCBuildConfiguration;
			buildSettings = {
				ASSETCATALOG_COMPILER_APPICON_NAME = AppIcon;
				ASSETCATALOG_COMPILER_GLOBAL_ACCENT_COLOR_NAME = AccentColor;
				CODE_SIGN_STYLE = Automatic;
				DEVELOPMENT_TEAM = B47X5TXYY6;
				INFOPLIST_FILE = FoodTracker/Info.plist;
				LD_RUNPATH_SEARCH_PATHS = (
					"$(inherited)",
					"@executable_path/Frameworks",
				);
				PRODUCT_BUNDLE_IDENTIFIER = "Swift-Beginers.FoodTracker";
				PRODUCT_NAME = "$(TARGET_NAME)";
				SWIFT_VERSION = 5.0;
				TARGETED_DEVICE_FAMILY = "1,2";
			};
			name = Release;
		};
		4BD9513D2537D07D00CFEE76 /* Debug */ = {
			isa = XCBuildConfiguration;
			buildSettings = {
				ALWAYS_EMBED_SWIFT_STANDARD_LIBRARIES = YES;
				BUNDLE_LOADER = "$(TEST_HOST)";
				CODE_SIGN_STYLE = Automatic;
				INFOPLIST_FILE = FoodTrackerTests/Info.plist;
				IPHONEOS_DEPLOYMENT_TARGET = 14.0;
				LD_RUNPATH_SEARCH_PATHS = (
					"$(inherited)",
					"@executable_path/Frameworks",
					"@loader_path/Frameworks",
				);
				PRODUCT_BUNDLE_IDENTIFIER = "Swift-Beginers.FoodTrackerTests";
				PRODUCT_NAME = "$(TARGET_NAME)";
				SWIFT_VERSION = 5.0;
				TARGETED_DEVICE_FAMILY = "1,2";
				TEST_HOST = "$(BUILT_PRODUCTS_DIR)/FoodTracker.app/FoodTracker";
			};
			name = Debug;
		};
		4BD9513E2537D07D00CFEE76 /* Release */ = {
			isa = XCBuildConfiguration;
			buildSettings = {
				ALWAYS_EMBED_SWIFT_STANDARD_LIBRARIES = YES;
				BUNDLE_LOADER = "$(TEST_HOST)";
				CODE_SIGN_STYLE = Automatic;
				INFOPLIST_FILE = FoodTrackerTests/Info.plist;
				IPHONEOS_DEPLOYMENT_TARGET = 14.0;
				LD_RUNPATH_SEARCH_PATHS = (
					"$(inherited)",
					"@executable_path/Frameworks",
					"@loader_path/Frameworks",
				);
				PRODUCT_BUNDLE_IDENTIFIER = "Swift-Beginers.FoodTrackerTests";
				PRODUCT_NAME = "$(TARGET_NAME)";
				SWIFT_VERSION = 5.0;
				TARGETED_DEVICE_FAMILY = "1,2";
				TEST_HOST = "$(BUILT_PRODUCTS_DIR)/FoodTracker.app/FoodTracker";
			};
			name = Release;
		};
		4BD951402537D07D00CFEE76 /* Debug */ = {
			isa = XCBuildConfiguration;
			buildSettings = {
				ALWAYS_EMBED_SWIFT_STANDARD_LIBRARIES = YES;
				CODE_SIGN_STYLE = Automatic;
				INFOPLIST_FILE = FoodTrackerUITests/Info.plist;
				LD_RUNPATH_SEARCH_PATHS = (
					"$(inherited)",
					"@executable_path/Frameworks",
					"@loader_path/Frameworks",
				);
				PRODUCT_BUNDLE_IDENTIFIER = "Swift-Beginers.FoodTrackerUITests";
				PRODUCT_NAME = "$(TARGET_NAME)";
				SWIFT_VERSION = 5.0;
				TARGETED_DEVICE_FAMILY = "1,2";
				TEST_TARGET_NAME = FoodTracker;
			};
			name = Debug;
		};
		4BD951412537D07D00CFEE76 /* Release */ = {
			isa = XCBuildConfiguration;
			buildSettings = {
				ALWAYS_EMBED_SWIFT_STANDARD_LIBRARIES = YES;
				CODE_SIGN_STYLE = Automatic;
				INFOPLIST_FILE = FoodTrackerUITests/Info.plist;
				LD_RUNPATH_SEARCH_PATHS = (
					"$(inherited)",
					"@executable_path/Frameworks",
					"@loader_path/Frameworks",
				);
				PRODUCT_BUNDLE_IDENTIFIER = "Swift-Beginers.FoodTrackerUITests";
				PRODUCT_NAME = "$(TARGET_NAME)";
				SWIFT_VERSION = 5.0;
				TARGETED_DEVICE_FAMILY = "1,2";
				TEST_TARGET_NAME = FoodTracker;
			};
			name = Release;
		};
/* End XCBuildConfiguration section */

/* Begin XCConfigurationList section */
		4BD9510A2537D07B00CFEE76 /* Build configuration list for PBXProject "FoodTracker" */ = {
			isa = XCConfigurationList;
			buildConfigurations = (
				4BD951372537D07D00CFEE76 /* Debug */,
				4BD951382537D07D00CFEE76 /* Release */,
			);
			defaultConfigurationIsVisible = 0;
			defaultConfigurationName = Release;
		};
		4BD951392537D07D00CFEE76 /* Build configuration list for PBXNativeTarget "FoodTracker" */ = {
			isa = XCConfigurationList;
			buildConfigurations = (
				4BD9513A2537D07D00CFEE76 /* Debug */,
				4BD9513B2537D07D00CFEE76 /* Release */,
			);
			defaultConfigurationIsVisible = 0;
			defaultConfigurationName = Release;
		};
		4BD9513C2537D07D00CFEE76 /* Build configuration list for PBXNativeTarget "FoodTrackerTests" */ = {
			isa = XCConfigurationList;
			buildConfigurations = (
				4BD9513D2537D07D00CFEE76 /* Debug */,
				4BD9513E2537D07D00CFEE76 /* Release */,
			);
			defaultConfigurationIsVisible = 0;
			defaultConfigurationName = Release;
		};
		4BD9513F2537D07D00CFEE76 /* Build configuration list for PBXNativeTarget "FoodTrackerUITests" */ = {
			isa = XCConfigurationList;
			buildConfigurations = (
				4BD951402537D07D00CFEE76 /* Debug */,
				4BD951412537D07D00CFEE76 /* Release */,
			);
			defaultConfigurationIsVisible = 0;
			defaultConfigurationName = Release;
		};
/* End XCConfigurationList section */
	};
	rootObject = 4BD951072537D07B00CFEE76 /* Project object */;
}
